
Microsoft Visual Studio Solution File, Format Version 12.00
# Visual Studio Version 17
VisualStudioVersion = 17.11.35208.52
MinimumVisualStudioVersion = 10.0.40219.1
Project("{2150E333-8FDC-42A3-9474-1A3956D46DE8}") = "1.Configurations", "1.Configurations", "{26CA0911-714C-4179-A369-7CDB660FCB85}"
EndProject
Project("{2150E333-8FDC-42A3-9474-1A3956D46DE8}") = "3.Applications", "3.Applications", "{99AAA736-5089-45F0-A2C7-20A235B5D4E7}"
EndProject
Project("{2150E333-8FDC-42A3-9474-1A3956D46DE8}") = "4.Services", "4.Services", "{E4334D91-04CB-43C5-83E0-44468CD2CCC5}"
EndProject
Project("{2150E333-8FDC-42A3-9474-1A3956D46DE8}") = "5.Transversal", "5.Transversal", "{DBFB371C-3DE6-498C-9D0E-511A45522765}"
EndProject
Project("{2150E333-8FDC-42A3-9474-1A3956D46DE8}") = "2.Domain", "2.Domain", "{78EBF55E-C704-4D85-8013-E32CBEB40C0E}"
EndProject
Project("{FAE04EC0-301F-11D3-BF4B-00C04F79EFBC}") = "Entities", "..\Entities\Entities.csproj", "{74528CFD-2AB7-428C-84B1-2DAC6EFAB6CC}"
EndProject
Project("{FAE04EC0-301F-11D3-BF4B-00C04F79EFBC}") = "Models", "..\Models\Models.csproj", "{6352E37D-1C91-42ED-9AF6-46A00C8C66FD}"
EndProject
Project("{FAE04EC0-301F-11D3-BF4B-00C04F79EFBC}") = "DTO", "..\DTO\DTO.csproj", "{D193F259-B222-4E16-A44A-CC59D9EDA3F4}"
EndProject
Project("{FAE04EC0-301F-11D3-BF4B-00C04F79EFBC}") = "StoreDB", "..\StoreDB\StoreDB.csproj", "{4F38A9F1-DF6D-47C2-929F-43A780BB6A15}"
EndProject
Project("{FAE04EC0-301F-11D3-BF4B-00C04F79EFBC}") = "StoreDB_API", "..\StoreDB_API\StoreDB_API.csproj", "{03968829-B9FF-4E72-8DA4-5BCBF189C532}"
EndProject
Project("{FAE04EC0-301F-11D3-BF4B-00C04F79EFBC}") = "Mapper", "..\Mapper\Mapper.csproj", "{429581EF-D3B7-4EE8-8252-EBBCE9CF5C74}"
EndProject
Global
	GlobalSection(SolutionConfigurationPlatforms) = preSolution
		Debug|Any CPU = Debug|Any CPU
		Release|Any CPU = Release|Any CPU
	EndGlobalSection
	GlobalSection(ProjectConfigurationPlatforms) = postSolution
		{74528CFD-2AB7-428C-84B1-2DAC6EFAB6CC}.Debug|Any CPU.ActiveCfg = Debug|Any CPU
		{74528CFD-2AB7-428C-84B1-2DAC6EFAB6CC}.Debug|Any CPU.Build.0 = Debug|Any CPU
		{74528CFD-2AB7-428C-84B1-2DAC6EFAB6CC}.Release|Any CPU.ActiveCfg = Release|Any CPU
		{74528CFD-2AB7-428C-84B1-2DAC6EFAB6CC}.Release|Any CPU.Build.0 = Release|Any CPU
		{6352E37D-1C91-42ED-9AF6-46A00C8C66FD}.Debug|Any CPU.ActiveCfg = Debug|Any CPU
		{6352E37D-1C91-42ED-9AF6-46A00C8C66FD}.Debug|Any CPU.Build.0 = Debug|Any CPU
		{6352E37D-1C91-42ED-9AF6-46A00C8C66FD}.Release|Any CPU.ActiveCfg = Release|Any CPU
		{6352E37D-1C91-42ED-9AF6-46A00C8C66FD}.Release|Any CPU.Build.0 = Release|Any CPU
		{D193F259-B222-4E16-A44A-CC59D9EDA3F4}.Debug|Any CPU.ActiveCfg = Debug|Any CPU
		{D193F259-B222-4E16-A44A-CC59D9EDA3F4}.Debug|Any CPU.Build.0 = Debug|Any CPU
		{D193F259-B222-4E16-A44A-CC59D9EDA3F4}.Release|Any CPU.ActiveCfg = Release|Any CPU
		{D193F259-B222-4E16-A44A-CC59D9EDA3F4}.Release|Any CPU.Build.0 = Release|Any CPU
		{4F38A9F1-DF6D-47C2-929F-43A780BB6A15}.Debug|Any CPU.ActiveCfg = Debug|Any CPU
		{4F38A9F1-DF6D-47C2-929F-43A780BB6A15}.Debug|Any CPU.Build.0 = Debug|Any CPU
		{4F38A9F1-DF6D-47C2-929F-43A780BB6A15}.Release|Any CPU.ActiveCfg = Release|Any CPU
		{4F38A9F1-DF6D-47C2-929F-43A780BB6A15}.Release|Any CPU.Build.0 = Release|Any CPU
		{03968829-B9FF-4E72-8DA4-5BCBF189C532}.Debug|Any CPU.ActiveCfg = Debug|Any CPU
		{03968829-B9FF-4E72-8DA4-5BCBF189C532}.Debug|Any CPU.Build.0 = Debug|Any CPU
		{03968829-B9FF-4E72-8DA4-5BCBF189C532}.Release|Any CPU.ActiveCfg = Release|Any CPU
		{03968829-B9FF-4E72-8DA4-5BCBF189C532}.Release|Any CPU.Build.0 = Release|Any CPU
		{429581EF-D3B7-4EE8-8252-EBBCE9CF5C74}.Debug|Any CPU.ActiveCfg = Debug|Any CPU
		{429581EF-D3B7-4EE8-8252-EBBCE9CF5C74}.Debug|Any CPU.Build.0 = Debug|Any CPU
		{429581EF-D3B7-4EE8-8252-EBBCE9CF5C74}.Release|Any CPU.ActiveCfg = Release|Any CPU
		{429581EF-D3B7-4EE8-8252-EBBCE9CF5C74}.Release|Any CPU.Build.0 = Release|Any CPU
	EndGlobalSection
	GlobalSection(SolutionProperties) = preSolution
		HideSolutionNode = FALSE
	EndGlobalSection
	GlobalSection(NestedProjects) = preSolution
		{74528CFD-2AB7-428C-84B1-2DAC6EFAB6CC} = {78EBF55E-C704-4D85-8013-E32CBEB40C0E}
		{6352E37D-1C91-42ED-9AF6-46A00C8C66FD} = {78EBF55E-C704-4D85-8013-E32CBEB40C0E}
		{D193F259-B222-4E16-A44A-CC59D9EDA3F4} = {78EBF55E-C704-4D85-8013-E32CBEB40C0E}
		{4F38A9F1-DF6D-47C2-929F-43A780BB6A15} = {99AAA736-5089-45F0-A2C7-20A235B5D4E7}
		{03968829-B9FF-4E72-8DA4-5BCBF189C532} = {E4334D91-04CB-43C5-83E0-44468CD2CCC5}
		{429581EF-D3B7-4EE8-8252-EBBCE9CF5C74} = {DBFB371C-3DE6-498C-9D0E-511A45522765}
	EndGlobalSection
	GlobalSection(ExtensibilityGlobals) = postSolution
		SolutionGuid = {3CCFDE6E-4363-4BD0-ACFB-0BBE321F3F9D}
	EndGlobalSection
EndGlobal
